
Microsoft Visual Studio Solution File, Format Version 12.00
# Visual Studio 15
VisualStudioVersion = 15.0.28307.539
MinimumVisualStudioVersion = 10.0.40219.1
Project("{FAE04EC0-301F-11D3-BF4B-00C04F79EFBC}") = "Demo.Api", "Demo.Api\Demo.Api.csproj", "{829E50F9-5AE7-4E16-A11F-80DD0B3F42D6}"
EndProject
Project("{FAE04EC0-301F-11D3-BF4B-00C04F79EFBC}") = "Demo.Data", "Demo.Data\Demo.Data.csproj", "{891E5643-8C07-4599-95AD-A7A2FEA17BEA}"
EndProject
Global
	GlobalSection(SolutionConfigurationPlatforms) = preSolution
		Debug|Any CPU = Debug|Any CPU
		Release|Any CPU = Release|Any CPU
	EndGlobalSection
	GlobalSection(ProjectConfigurationPlatforms) = postSolution
		{829E50F9-5AE7-4E16-A11F-80DD0B3F42D6}.Debug|Any CPU.ActiveCfg = Debug|Any CPU
		{829E50F9-5AE7-4E16-A11F-80DD0B3F42D6}.Debug|Any CPU.Build.0 = Debug|Any CPU
		{829E50F9-5AE7-4E16-A11F-80DD0B3F42D6}.Release|Any CPU.ActiveCfg = Release|Any CPU
		{829E50F9-5AE7-4E16-A11F-80DD0B3F42D6}.Release|Any CPU.Build.0 = Release|Any CPU
		{891E5643-8C07-4599-95AD-A7A2FEA17BEA}.Debug|Any CPU.ActiveCfg = Debug|Any CPU
		{891E5643-8C07-4599-95AD-A7A2FEA17BEA}.Debug|Any CPU.Build.0 = Debug|Any CPU
		{891E5643-8C07-4599-95AD-A7A2FEA17BEA}.Release|Any CPU.ActiveCfg = Release|Any CPU
		{891E5643-8C07-4599-95AD-A7A2FEA17BEA}.Release|Any CPU.Build.0 = Release|Any CPU
	EndGlobalSection
	GlobalSection(SolutionProperties) = preSolution
		HideSolutionNode = FALSE
	EndGlobalSection
	GlobalSection(ExtensibilityGlobals) = postSolution
		SolutionGuid = {66BC3C1B-AB68-4A8D-BE25-A1829CACFF9F}
	EndGlobalSection
EndGlobal
